export type OptionItem = {
  id: string;
  label: string;
};

export type OptionsResponse = {
  productos: OptionItem[];
  sucursales: OptionItem[];
};

export type PredictionRequest = {
  productos: string[];
  sucursales: string[];
  fechas: string[];
  festivo: number;
  vispera_festivo: number;
};

export type PredictionRow = {
  producto: string;
  sucursal: string;
  fecha: string;
  unidades_estimadas_30d: number;
  justificacion_inventario: string;
};

export type PredictionResponse = {
  resultados: PredictionRow[];
};

const API_URL = process.env.NEXT_PUBLIC_API_URL ?? "http://localhost:8000";

async function safeJson<T>(response: Response): Promise<T | null> {
  try {
    return (await response.json()) as T;
  } catch {
    return null;
  }
}

export async function getOptions(): Promise<OptionsResponse> {
  const response = await fetch(`${API_URL}/opciones`, { cache: "no-store" });
  if (!response.ok) {
    const body = await safeJson<{ detail?: string }>(response);
    throw new Error(body?.detail ?? "No fue posible cargar las opciones.");
  }

  return (await response.json()) as OptionsResponse;
}

export async function predictInventory(payload: PredictionRequest): Promise<PredictionResponse> {
  const response = await fetch(`${API_URL}/predict`, {
    method: "POST",
    headers: {
      "Content-Type": "application/json",
    },
    body: JSON.stringify(payload),
  });

  if (!response.ok) {
    const body = await safeJson<{ detail?: string }>(response);
    throw new Error(body?.detail ?? "La predicción no pudo completarse.");
  }

  return (await response.json()) as PredictionResponse;
}
